lockfileVersion: '9.0'

settings:
  autoInstallPeers: true
  excludeLinksFromLockfile: false

importers:

  .:
    devDependencies:
      capnweb:
        specifier: ^0.1.0
        version: 0.1.0

packages:

  capnweb@0.1.0:
    resolution: {integrity: sha512-+pygKx1JFTZTRdd1hHgaBRg5BwULEDZq8ZoHXkYP2GXNV3lrjXLj5qzlGz+SgBCJjWUmNBtlh7JPWdr0wIbY8w==}

snapshots:

  capnweb@0.1.0: {}
